{
  "version": 4,
  "terraform_version": "1.2.7",
  "serial": 287,
  "lineage": "56ee1b03-d3a4-ce89-23e8-f1c689d8cd72",
  "outputs": {},
  "resources": [
    {
      "mode": "managed",
      "type": "google_service_account",
      "name": "orchestrator",
      "provider": "provider[\"registry.terraform.io/hashicorp/google\"]",
      "instances": [
        {
          "schema_version": 0,
          "attributes": {
            "account_id": "orchestrator",
            "description": "",
            "disabled": false,
            "display_name": "Orchestrator Service Account",
            "email": "orchestrator@grocereasy-360206.iam.gserviceaccount.com",
            "id": "projects/grocereasy-360206/serviceAccounts/orchestrator@grocereasy-360206.iam.gserviceaccount.com",
            "name": "projects/grocereasy-360206/serviceAccounts/orchestrator@grocereasy-360206.iam.gserviceaccount.com",
            "project": "grocereasy-360206",
            "timeouts": null,
            "unique_id": "112269375998496124640"
          },
          "sensitive_attributes": [],
          "private": "eyJlMmJmYjczMC1lY2FhLTExZTYtOGY4OC0zNDM2M2JjN2M0YzAiOnsiY3JlYXRlIjozMDAwMDAwMDAwMDB9fQ=="
        }
      ]
    },
    {
      "mode": "managed",
      "type": "google_service_account",
      "name": "storer",
      "provider": "provider[\"registry.terraform.io/hashicorp/google\"]",
      "instances": [
        {
          "schema_version": 0,
          "attributes": {
            "account_id": "storer",
            "description": "",
            "disabled": false,
            "display_name": "Storer Service Account",
            "email": "storer@grocereasy-360206.iam.gserviceaccount.com",
            "id": "projects/grocereasy-360206/serviceAccounts/storer@grocereasy-360206.iam.gserviceaccount.com",
            "name": "projects/grocereasy-360206/serviceAccounts/storer@grocereasy-360206.iam.gserviceaccount.com",
            "project": "grocereasy-360206",
            "timeouts": null,
            "unique_id": "100887979246050830237"
          },
          "sensitive_attributes": [],
          "private": "eyJlMmJmYjczMC1lY2FhLTExZTYtOGY4OC0zNDM2M2JjN2M0YzAiOnsiY3JlYXRlIjozMDAwMDAwMDAwMDB9fQ=="
        }
      ]
    },
    {
      "mode": "managed",
      "type": "google_service_account",
      "name": "worker",
      "provider": "provider[\"registry.terraform.io/hashicorp/google\"]",
      "instances": [
        {
          "schema_version": 0,
          "attributes": {
            "account_id": "worker",
            "description": "",
            "disabled": false,
            "display_name": "Worker Service Account",
            "email": "worker@grocereasy-360206.iam.gserviceaccount.com",
            "id": "projects/grocereasy-360206/serviceAccounts/worker@grocereasy-360206.iam.gserviceaccount.com",
            "name": "projects/grocereasy-360206/serviceAccounts/worker@grocereasy-360206.iam.gserviceaccount.com",
            "project": "grocereasy-360206",
            "timeouts": null,
            "unique_id": "111865839615083430552"
          },
          "sensitive_attributes": [],
          "private": "eyJlMmJmYjczMC1lY2FhLTExZTYtOGY4OC0zNDM2M2JjN2M0YzAiOnsiY3JlYXRlIjozMDAwMDAwMDAwMDB9fQ=="
        }
      ]
    },
    {
      "module": "module.root",
      "mode": "managed",
      "type": "google_bigquery_dataset",
      "name": "jobs",
      "provider": "provider[\"registry.terraform.io/hashicorp/google\"]",
      "instances": [
        {
          "schema_version": 0,
          "attributes": {
            "access": [
              {
                "dataset": [],
                "domain": "",
                "group_by_email": "",
                "role": "OWNER",
                "special_group": "projectOwners",
                "user_by_email": "",
                "view": []
              },
              {
                "dataset": [],
                "domain": "",
                "group_by_email": "",
                "role": "READER",
                "special_group": "projectReaders",
                "user_by_email": "",
                "view": []
              },
              {
                "dataset": [],
                "domain": "",
                "group_by_email": "",
                "role": "WRITER",
                "special_group": "projectWriters",
                "user_by_email": "",
                "view": []
              }
            ],
            "creation_time": 1663534364738,
            "dataset_id": "jobs",
            "default_encryption_configuration": [],
            "default_partition_expiration_ms": 2592000000,
            "default_table_expiration_ms": 2592000000,
            "delete_contents_on_destroy": false,
            "description": "A dataset containing all the data related to jobs.",
            "etag": "VQJ4MKZ7BBVVjX/RZZq3YQ==",
            "friendly_name": "",
            "id": "projects/grocereasy-360206/datasets/jobs",
            "labels": {},
            "last_modified_time": 1675443979412,
            "location": "US",
            "project": "grocereasy-360206",
            "self_link": "https://bigquery.googleapis.com/bigquery/v2/projects/grocereasy-360206/datasets/jobs",
            "timeouts": null
          },
          "sensitive_attributes": [],
          "private": "eyJlMmJmYjczMC1lY2FhLTExZTYtOGY4OC0zNDM2M2JjN2M0YzAiOnsiY3JlYXRlIjoxMjAwMDAwMDAwMDAwLCJkZWxldGUiOjEyMDAwMDAwMDAwMDAsInVwZGF0ZSI6MTIwMDAwMDAwMDAwMH19"
        }
      ]
    },
    {
      "module": "module.root",
      "mode": "managed",
      "type": "google_bigquery_dataset",
      "name": "supermarket",
      "provider": "provider[\"registry.terraform.io/hashicorp/google\"]",
      "instances": [
        {
          "schema_version": 0,
          "attributes": {
            "access": [
              {
                "dataset": [],
                "domain": null,
                "group_by_email": null,
                "role": "OWNER",
                "special_group": "projectOwners",
                "user_by_email": null,
                "view": []
              },
              {
                "dataset": [],
                "domain": null,
                "group_by_email": null,
                "role": "READER",
                "special_group": "projectReaders",
                "user_by_email": null,
                "view": []
              },
              {
                "dataset": [],
                "domain": null,
                "group_by_email": null,
                "role": "WRITER",
                "special_group": "projectWriters",
                "user_by_email": null,
                "view": []
              }
            ],
            "creation_time": 1663534364741,
            "dataset_id": "supermarket",
            "default_encryption_configuration": [],
            "default_partition_expiration_ms": 2592000000,
            "default_table_expiration_ms": 2592000000,
            "delete_contents_on_destroy": false,
            "description": "A dataset containing all the data collected from supermarkets.",
            "etag": "Zrc+PZ0XuhB7k2P42MWOeg==",
            "friendly_name": "",
            "id": "projects/grocereasy-360206/datasets/supermarket",
            "labels": {},
            "last_modified_time": 1675444136516,
            "location": "US",
            "project": "grocereasy-360206",
            "self_link": "https://bigquery.googleapis.com/bigquery/v2/projects/grocereasy-360206/datasets/supermarket",
            "timeouts": null
          },
          "sensitive_attributes": [],
          "private": "eyJlMmJmYjczMC1lY2FhLTExZTYtOGY4OC0zNDM2M2JjN2M0YzAiOnsiY3JlYXRlIjoxMjAwMDAwMDAwMDAwLCJkZWxldGUiOjEyMDAwMDAwMDAwMDAsInVwZGF0ZSI6MTIwMDAwMDAwMDAwMH19"
        }
      ]
    },
    {
      "module": "module.root",
      "mode": "managed",
      "type": "google_bigquery_dataset_access",
      "name": "jobs_editor",
      "provider": "provider[\"registry.terraform.io/hashicorp/google\"]",
      "instances": [
        {
          "schema_version": 0,
          "attributes": {
            "api_updated_member": false,
            "dataset": [],
            "dataset_id": "jobs",
            "domain": "",
            "group_by_email": "",
            "iam_member": "",
            "id": "projects/grocereasy-360206/datasets/jobs",
            "project": "grocereasy-360206",
            "role": "WRITER",
            "special_group": "",
            "timeouts": null,
            "user_by_email": "orchestrator@grocereasy-360206.iam.gserviceaccount.com",
            "view": []
          },
          "sensitive_attributes": [],
          "private": "eyJlMmJmYjczMC1lY2FhLTExZTYtOGY4OC0zNDM2M2JjN2M0YzAiOnsiY3JlYXRlIjoxMjAwMDAwMDAwMDAwLCJkZWxldGUiOjEyMDAwMDAwMDAwMDB9fQ==",
          "dependencies": [
            "google_service_account.orchestrator",
            "module.root.google_bigquery_dataset.jobs"
          ]
        }
      ]
    },
    {
      "module": "module.root",
      "mode": "managed",
      "type": "google_bigquery_dataset_access",
      "name": "jobs_tester",
      "provider": "provider[\"registry.terraform.io/hashicorp/google\"]",
      "instances": [
        {
          "schema_version": 0,
          "attributes": {
            "api_updated_member": false,
            "dataset": [],
            "dataset_id": "jobs",
            "domain": "",
            "group_by_email": "",
            "iam_member": "",
            "id": "projects/grocereasy-360206/datasets/jobs",
            "project": "grocereasy-360206",
            "role": "WRITER",
            "special_group": "",
            "timeouts": null,
            "user_by_email": "tester@grocereasy-360206.iam.gserviceaccount.com",
            "view": []
          },
          "sensitive_attributes": [],
          "private": "eyJlMmJmYjczMC1lY2FhLTExZTYtOGY4OC0zNDM2M2JjN2M0YzAiOnsiY3JlYXRlIjoxMjAwMDAwMDAwMDAwLCJkZWxldGUiOjEyMDAwMDAwMDAwMDB9fQ==",
          "dependencies": [
            "module.root.google_bigquery_dataset.jobs",
            "module.root.google_service_account.tester"
          ]
        }
      ]
    },
    {
      "module": "module.root",
      "mode": "managed",
      "type": "google_bigquery_dataset_access",
      "name": "superamrket_tester",
      "provider": "provider[\"registry.terraform.io/hashicorp/google\"]",
      "instances": [
        {
          "schema_version": 0,
          "attributes": {
            "api_updated_member": false,
            "dataset": [],
            "dataset_id": "supermarket",
            "domain": "",
            "group_by_email": "",
            "iam_member": "",
            "id": "projects/grocereasy-360206/datasets/supermarket",
            "project": "grocereasy-360206",
            "role": "WRITER",
            "special_group": "",
            "timeouts": null,
            "user_by_email": "tester@grocereasy-360206.iam.gserviceaccount.com",
            "view": []
          },
          "sensitive_attributes": [],
          "private": "eyJlMmJmYjczMC1lY2FhLTExZTYtOGY4OC0zNDM2M2JjN2M0YzAiOnsiY3JlYXRlIjoxMjAwMDAwMDAwMDAwLCJkZWxldGUiOjEyMDAwMDAwMDAwMDB9fQ==",
          "dependencies": [
            "module.root.google_bigquery_dataset.supermarket",
            "module.root.google_service_account.tester"
          ]
        }
      ]
    },
    {
      "module": "module.root",
      "mode": "managed",
      "type": "google_bigquery_dataset_access",
      "name": "supermarket_editor",
      "provider": "provider[\"registry.terraform.io/hashicorp/google\"]",
      "instances": [
        {
          "schema_version": 0,
          "attributes": {
            "api_updated_member": false,
            "dataset": [],
            "dataset_id": "supermarket",
            "domain": "",
            "group_by_email": "",
            "iam_member": "",
            "id": "projects/grocereasy-360206/datasets/supermarket",
            "project": "grocereasy-360206",
            "role": "OWNER",
            "special_group": "",
            "timeouts": null,
            "user_by_email": "storer@grocereasy-360206.iam.gserviceaccount.com",
            "view": []
          },
          "sensitive_attributes": [],
          "private": "eyJlMmJmYjczMC1lY2FhLTExZTYtOGY4OC0zNDM2M2JjN2M0YzAiOnsiY3JlYXRlIjoxMjAwMDAwMDAwMDAwLCJkZWxldGUiOjEyMDAwMDAwMDAwMDB9fQ==",
          "dependencies": [
            "google_service_account.storer",
            "module.root.google_bigquery_dataset.supermarket"
          ]
        }
      ]
    },
    {
      "module": "module.root",
      "mode": "managed",
      "type": "google_project_iam_member",
      "name": "bigquery_tester",
      "provider": "provider[\"registry.terraform.io/hashicorp/google\"]",
      "instances": [
        {
          "schema_version": 0,
          "attributes": {
            "condition": [],
            "etag": "BwXzzOOCYg4=",
            "id": "grocereasy-360206/roles/bigquery.jobUser/serviceAccount:tester@grocereasy-360206.iam.gserviceaccount.com",
            "member": "serviceAccount:tester@grocereasy-360206.iam.gserviceaccount.com",
            "project": "grocereasy-360206",
            "role": "roles/bigquery.jobUser"
          },
          "sensitive_attributes": [],
          "private": "bnVsbA==",
          "dependencies": [
            "module.root.google_service_account.tester"
          ]
        }
      ]
    },
    {
      "module": "module.root",
      "mode": "managed",
      "type": "google_project_iam_member",
      "name": "token_creator",
      "provider": "provider[\"registry.terraform.io/hashicorp/google\"]",
      "instances": [
        {
          "schema_version": 0,
          "attributes": {
            "condition": [],
            "etag": "BwXzzOOCYg4=",
            "id": "grocereasy-360206/roles/iam.serviceAccountTokenCreator/serviceAccount:tester@grocereasy-360206.iam.gserviceaccount.com",
            "member": "serviceAccount:tester@grocereasy-360206.iam.gserviceaccount.com",
            "project": "grocereasy-360206",
            "role": "roles/iam.serviceAccountTokenCreator"
          },
          "sensitive_attributes": [],
          "private": "bnVsbA==",
          "dependencies": [
            "module.root.google_service_account.tester"
          ]
        }
      ]
    },
    {
      "module": "module.root",
      "mode": "managed",
      "type": "google_pubsub_subscription",
      "name": "pubsub_subscription",
      "provider": "provider[\"registry.terraform.io/hashicorp/google\"]",
      "instances": [
        {
          "index_key": "storer",
          "schema_version": 0,
          "attributes": {
            "ack_deadline_seconds": 20,
            "bigquery_config": [],
            "dead_letter_policy": [],
            "enable_exactly_once_delivery": false,
            "enable_message_ordering": false,
            "expiration_policy": [
              {
                "ttl": "300000.500s"
              }
            ],
            "filter": "",
            "id": "projects/grocereasy-360206/subscriptions/worker_completed",
            "labels": {},
            "message_retention_duration": "1200s",
            "name": "worker_completed",
            "project": "grocereasy-360206",
            "push_config": [],
            "retain_acked_messages": true,
            "retry_policy": [
              {
                "maximum_backoff": "600s",
                "minimum_backoff": "10s"
              }
            ],
            "timeouts": null,
            "topic": "projects/grocereasy-360206/topics/worker_completed"
          },
          "sensitive_attributes": [],
          "private": "eyJlMmJmYjczMC1lY2FhLTExZTYtOGY4OC0zNDM2M2JjN2M0YzAiOnsiY3JlYXRlIjoxMjAwMDAwMDAwMDAwLCJkZWxldGUiOjEyMDAwMDAwMDAwMDAsInVwZGF0ZSI6MTIwMDAwMDAwMDAwMH19",
          "dependencies": [
            "google_service_account.orchestrator",
            "google_service_account.storer",
            "google_service_account.worker"
          ]
        },
        {
          "index_key": "worker",
          "schema_version": 0,
          "attributes": {
            "ack_deadline_seconds": 20,
            "bigquery_config": [],
            "dead_letter_policy": [],
            "enable_exactly_once_delivery": false,
            "enable_message_ordering": false,
            "expiration_policy": [
              {
                "ttl": "300000.500s"
              }
            ],
            "filter": "",
            "id": "projects/grocereasy-360206/subscriptions/orchestrator_completed",
            "labels": null,
            "message_retention_duration": "1200s",
            "name": "orchestrator_completed",
            "project": "grocereasy-360206",
            "push_config": [],
            "retain_acked_messages": true,
            "retry_policy": [
              {
                "maximum_backoff": "600s",
                "minimum_backoff": "10s"
              }
            ],
            "timeouts": null,
            "topic": "projects/grocereasy-360206/topics/orchestrator_completed"
          },
          "sensitive_attributes": [],
          "private": "eyJlMmJmYjczMC1lY2FhLTExZTYtOGY4OC0zNDM2M2JjN2M0YzAiOnsiY3JlYXRlIjoxMjAwMDAwMDAwMDAwLCJkZWxldGUiOjEyMDAwMDAwMDAwMDAsInVwZGF0ZSI6MTIwMDAwMDAwMDAwMH19",
          "dependencies": [
            "google_service_account.orchestrator",
            "google_service_account.storer",
            "google_service_account.worker"
          ]
        }
      ]
    },
    {
      "module": "module.root",
      "mode": "managed",
      "type": "google_pubsub_subscription_iam_member",
      "name": "iam_subscriptions",
      "provider": "provider[\"registry.terraform.io/hashicorp/google\"]",
      "instances": [
        {
          "index_key": "storer",
          "schema_version": 0,
          "attributes": {
            "condition": [],
            "etag": "BwXzuYKHPwE=",
            "id": "projects/grocereasy-360206/subscriptions/worker_completed/roles/pubsub.subscriber/serviceAccount:storer@grocereasy-360206.iam.gserviceaccount.com",
            "member": "serviceAccount:storer@grocereasy-360206.iam.gserviceaccount.com",
            "project": "grocereasy-360206",
            "role": "roles/pubsub.subscriber",
            "subscription": "worker_completed"
          },
          "sensitive_attributes": [],
          "private": "bnVsbA==",
          "dependencies": [
            "google_service_account.orchestrator",
            "google_service_account.storer",
            "google_service_account.worker",
            "module.root.google_pubsub_subscription.pubsub_subscription"
          ]
        }
      ]
    },
    {
      "module": "module.root",
      "mode": "managed",
      "type": "google_pubsub_topic",
      "name": "pubsub_topic",
      "provider": "provider[\"registry.terraform.io/hashicorp/google\"]",
      "instances": [
        {
          "index_key": "orchestrator",
          "schema_version": 0,
          "attributes": {
            "id": "projects/grocereasy-360206/topics/orchestrator_completed",
            "kms_key_name": "",
            "labels": {},
            "message_retention_duration": "86600s",
            "message_storage_policy": [],
            "name": "orchestrator_completed",
            "project": "grocereasy-360206",
            "schema_settings": [],
            "timeouts": null
          },
          "sensitive_attributes": [],
          "private": "eyJlMmJmYjczMC1lY2FhLTExZTYtOGY4OC0zNDM2M2JjN2M0YzAiOnsiY3JlYXRlIjoxMjAwMDAwMDAwMDAwLCJkZWxldGUiOjEyMDAwMDAwMDAwMDAsInVwZGF0ZSI6MTIwMDAwMDAwMDAwMH19",
          "dependencies": [
            "google_service_account.orchestrator",
            "google_service_account.storer",
            "google_service_account.worker"
          ]
        },
        {
          "index_key": "storer",
          "schema_version": 0,
          "attributes": {
            "id": "projects/grocereasy-360206/topics/storer_completed",
            "kms_key_name": "",
            "labels": {},
            "message_retention_duration": "86600s",
            "message_storage_policy": [],
            "name": "storer_completed",
            "project": "grocereasy-360206",
            "schema_settings": [],
            "timeouts": null
          },
          "sensitive_attributes": [],
          "private": "eyJlMmJmYjczMC1lY2FhLTExZTYtOGY4OC0zNDM2M2JjN2M0YzAiOnsiY3JlYXRlIjoxMjAwMDAwMDAwMDAwLCJkZWxldGUiOjEyMDAwMDAwMDAwMDAsInVwZGF0ZSI6MTIwMDAwMDAwMDAwMH19",
          "dependencies": [
            "google_service_account.orchestrator",
            "google_service_account.storer",
            "google_service_account.worker"
          ]
        },
        {
          "index_key": "worker",
          "schema_version": 0,
          "attributes": {
            "id": "projects/grocereasy-360206/topics/worker_completed",
            "kms_key_name": "",
            "labels": {},
            "message_retention_duration": "86600s",
            "message_storage_policy": [],
            "name": "worker_completed",
            "project": "grocereasy-360206",
            "schema_settings": [],
            "timeouts": null
          },
          "sensitive_attributes": [],
          "private": "eyJlMmJmYjczMC1lY2FhLTExZTYtOGY4OC0zNDM2M2JjN2M0YzAiOnsiY3JlYXRlIjoxMjAwMDAwMDAwMDAwLCJkZWxldGUiOjEyMDAwMDAwMDAwMDAsInVwZGF0ZSI6MTIwMDAwMDAwMDAwMH19",
          "dependencies": [
            "google_service_account.orchestrator",
            "google_service_account.storer",
            "google_service_account.worker"
          ]
        }
      ]
    },
    {
      "module": "module.root",
      "mode": "managed",
      "type": "google_pubsub_topic",
      "name": "triggers",
      "provider": "provider[\"registry.terraform.io/hashicorp/google\"]",
      "instances": [
        {
          "schema_version": 0,
          "attributes": {
            "id": "projects/grocereasy-360206/topics/triggers",
            "kms_key_name": "",
            "labels": null,
            "message_retention_duration": "86600s",
            "message_storage_policy": [],
            "name": "triggers",
            "project": "grocereasy-360206",
            "schema_settings": [],
            "timeouts": null
          },
          "sensitive_attributes": [],
          "private": "eyJlMmJmYjczMC1lY2FhLTExZTYtOGY4OC0zNDM2M2JjN2M0YzAiOnsiY3JlYXRlIjoxMjAwMDAwMDAwMDAwLCJkZWxldGUiOjEyMDAwMDAwMDAwMDAsInVwZGF0ZSI6MTIwMDAwMDAwMDAwMH19"
        }
      ]
    },
    {
      "module": "module.root",
      "mode": "managed",
      "type": "google_pubsub_topic_iam_member",
      "name": "iam_topics",
      "provider": "provider[\"registry.terraform.io/hashicorp/google\"]",
      "instances": [
        {
          "index_key": "orchestrator",
          "schema_version": 0,
          "attributes": {
            "condition": [],
            "etag": "BwXzzrQPaEo=",
            "id": "projects/grocereasy-360206/topics/orchestrator_completed/roles/pubsub.publisher/serviceAccount:orchestrator@grocereasy-360206.iam.gserviceaccount.com",
            "member": "serviceAccount:orchestrator@grocereasy-360206.iam.gserviceaccount.com",
            "project": "grocereasy-360206",
            "role": "roles/pubsub.publisher",
            "topic": "projects/grocereasy-360206/topics/orchestrator_completed"
          },
          "sensitive_attributes": [],
          "private": "bnVsbA==",
          "dependencies": [
            "google_service_account.orchestrator",
            "google_service_account.storer",
            "google_service_account.worker",
            "module.root.google_pubsub_topic.pubsub_topic"
          ]
        },
        {
          "index_key": "storer",
          "schema_version": 0,
          "attributes": {
            "condition": [],
            "etag": "BwXzuX/Yahc=",
            "id": "projects/grocereasy-360206/topics/storer_completed/roles/pubsub.publisher/serviceAccount:storer@grocereasy-360206.iam.gserviceaccount.com",
            "member": "serviceAccount:storer@grocereasy-360206.iam.gserviceaccount.com",
            "project": "grocereasy-360206",
            "role": "roles/pubsub.publisher",
            "topic": "projects/grocereasy-360206/topics/storer_completed"
          },
          "sensitive_attributes": [],
          "private": "bnVsbA==",
          "dependencies": [
            "google_service_account.orchestrator",
            "google_service_account.storer",
            "google_service_account.worker",
            "module.root.google_pubsub_topic.pubsub_topic"
          ]
        },
        {
          "index_key": "worker",
          "schema_version": 0,
          "attributes": {
            "condition": [],
            "etag": "BwXzuX/ZYvA=",
            "id": "projects/grocereasy-360206/topics/worker_completed/roles/pubsub.publisher/serviceAccount:worker@grocereasy-360206.iam.gserviceaccount.com",
            "member": "serviceAccount:worker@grocereasy-360206.iam.gserviceaccount.com",
            "project": "grocereasy-360206",
            "role": "roles/pubsub.publisher",
            "topic": "projects/grocereasy-360206/topics/worker_completed"
          },
          "sensitive_attributes": [],
          "private": "bnVsbA==",
          "dependencies": [
            "google_service_account.orchestrator",
            "google_service_account.storer",
            "google_service_account.worker",
            "module.root.google_pubsub_topic.pubsub_topic"
          ]
        }
      ]
    },
    {
      "module": "module.root",
      "mode": "managed",
      "type": "google_service_account",
      "name": "deploy",
      "provider": "provider[\"registry.terraform.io/hashicorp/google\"]",
      "instances": [
        {
          "schema_version": 0,
          "attributes": {
            "account_id": "deploy",
            "description": "",
            "disabled": false,
            "display_name": "Deploy Service Account",
            "email": "deploy@grocereasy-360206.iam.gserviceaccount.com",
            "id": "projects/grocereasy-360206/serviceAccounts/deploy@grocereasy-360206.iam.gserviceaccount.com",
            "name": "projects/grocereasy-360206/serviceAccounts/deploy@grocereasy-360206.iam.gserviceaccount.com",
            "project": "grocereasy-360206",
            "timeouts": null,
            "unique_id": "112883060995906301331"
          },
          "sensitive_attributes": [],
          "private": "eyJlMmJmYjczMC1lY2FhLTExZTYtOGY4OC0zNDM2M2JjN2M0YzAiOnsiY3JlYXRlIjozMDAwMDAwMDAwMDB9fQ=="
        }
      ]
    },
    {
      "module": "module.root",
      "mode": "managed",
      "type": "google_service_account",
      "name": "tester",
      "provider": "provider[\"registry.terraform.io/hashicorp/google\"]",
      "instances": [
        {
          "schema_version": 0,
          "attributes": {
            "account_id": "tester",
            "description": "",
            "disabled": false,
            "display_name": "Test Service Account",
            "email": "tester@grocereasy-360206.iam.gserviceaccount.com",
            "id": "projects/grocereasy-360206/serviceAccounts/tester@grocereasy-360206.iam.gserviceaccount.com",
            "name": "projects/grocereasy-360206/serviceAccounts/tester@grocereasy-360206.iam.gserviceaccount.com",
            "project": "grocereasy-360206",
            "timeouts": null,
            "unique_id": "101490598372612347292"
          },
          "sensitive_attributes": [],
          "private": "eyJlMmJmYjczMC1lY2FhLTExZTYtOGY4OC0zNDM2M2JjN2M0YzAiOnsiY3JlYXRlIjozMDAwMDAwMDAwMDB9fQ=="
        }
      ]
    },
    {
      "module": "module.root",
      "mode": "managed",
      "type": "google_service_account_iam_member",
      "name": "orchestrator-deploy",
      "provider": "provider[\"registry.terraform.io/hashicorp/google\"]",
      "instances": [
        {
          "schema_version": 0,
          "attributes": {
            "condition": [],
            "etag": "BwXzpNkp6FA=",
            "id": "projects/grocereasy-360206/serviceAccounts/orchestrator@grocereasy-360206.iam.gserviceaccount.com/roles/iam.serviceAccountUser/serviceAccount:deploy@grocereasy-360206.iam.gserviceaccount.com",
            "member": "serviceAccount:deploy@grocereasy-360206.iam.gserviceaccount.com",
            "role": "roles/iam.serviceAccountUser",
            "service_account_id": "projects/grocereasy-360206/serviceAccounts/orchestrator@grocereasy-360206.iam.gserviceaccount.com"
          },
          "sensitive_attributes": [],
          "private": "bnVsbA==",
          "dependencies": [
            "google_service_account.orchestrator",
            "module.root.google_service_account.deploy"
          ]
        }
      ]
    },
    {
      "module": "module.root",
      "mode": "managed",
      "type": "google_service_account_iam_member",
      "name": "storer-deploy",
      "provider": "provider[\"registry.terraform.io/hashicorp/google\"]",
      "instances": [
        {
          "schema_version": 0,
          "attributes": {
            "condition": [],
            "etag": "BwXzpNks3Xg=",
            "id": "projects/grocereasy-360206/serviceAccounts/storer@grocereasy-360206.iam.gserviceaccount.com/roles/iam.serviceAccountUser/serviceAccount:deploy@grocereasy-360206.iam.gserviceaccount.com",
            "member": "serviceAccount:deploy@grocereasy-360206.iam.gserviceaccount.com",
            "role": "roles/iam.serviceAccountUser",
            "service_account_id": "projects/grocereasy-360206/serviceAccounts/storer@grocereasy-360206.iam.gserviceaccount.com"
          },
          "sensitive_attributes": [],
          "private": "bnVsbA==",
          "dependencies": [
            "google_service_account.storer",
            "module.root.google_service_account.deploy"
          ]
        }
      ]
    }
  ]
}
